// !$*UTF8*$!
{
	archiveVersion = 1;
	classes = {
	};
	objectVersion = 50;
	objects = {

/* Begin PBXBuildFile section */
		D1C7881A25ADCB6500AEA1D3 /* AppDelegate.swift in Sources */ = {isa = PBXBuildFile; fileRef = D1C7881925ADCB6500AEA1D3 /* AppDelegate.swift */; };
		D1C7881C25ADCB6500AEA1D3 /* SceneDelegate.swift in Sources */ = {isa = PBXBuildFile; fileRef = D1C7881B25ADCB6500AEA1D3 /* SceneDelegate.swift */; };
		D1C7881E25ADCB6500AEA1D3 /* ViewController.swift in Sources */ = {isa = PBXBuildFile; fileRef = D1C7881D25ADCB6500AEA1D3 /* ViewController.swift */; };
		D1C7882125ADCB6500AEA1D3 /* Main.storyboard in Resources */ = {isa = PBXBuildFile; fileRef = D1C7881F25ADCB6500AEA1D3 /* Main.storyboard */; };
		D1C7882325ADCB6700AEA1D3 /* Assets.xcassets in Resources */ = {isa = PBXBuildFile; fileRef = D1C7882225ADCB6700AEA1D3 /* Assets.xcassets */; };
		D1C7882625ADCB6700AEA1D3 /* LaunchScreen.storyboard in Resources */ = {isa = PBXBuildFile; fileRef = D1C7882425ADCB6700AEA1D3 /* LaunchScreen.storyboard */; };
		D1C7883125ADCB6700AEA1D3 /* TableViewReusableImplementationTests.swift in Sources */ = {isa = PBXBuildFile; fileRef = D1C7883025ADCB6700AEA1D3 /* TableViewReusableImplementationTests.swift */; };
		D1C7883C25ADCB6700AEA1D3 /* TableViewReusableImplementationUITests.swift in Sources */ = {isa = PBXBuildFile; fileRef = D1C7883B25ADCB6700AEA1D3 /* TableViewReusableImplementationUITests.swift */; };
		D1C7884D25ADCB8D00AEA1D3 /* ViewReuseablePool.swift in Sources */ = {isa = PBXBuildFile; fileRef = D1C7884C25ADCB8D00AEA1D3 /* ViewReuseablePool.swift */; };
		D1C7885225ADD70200AEA1D3 /* DoublyLinkedList.swift in Sources */ = {isa = PBXBuildFile; fileRef = D1C7885125ADD70200AEA1D3 /* DoublyLinkedList.swift */; };
		D1C7886925AEAD9000AEA1D3 /* DoublyLinkedListTest.swift in Sources */ = {isa = PBXBuildFile; fileRef = D1C7886825AEAD9000AEA1D3 /* DoublyLinkedListTest.swift */; };
		D1C7887125AEB4A400AEA1D3 /* ViewReusablePoolTest.swift in Sources */ = {isa = PBXBuildFile; fileRef = D1C7887025AEB4A400AEA1D3 /* ViewReusablePoolTest.swift */; };
/* End PBXBuildFile section */

/* Begin PBXContainerItemProxy section */
		D1C7882D25ADCB6700AEA1D3 /* PBXContainerItemProxy */ = {
			isa = PBXContainerItemProxy;
			containerPortal = D1C7880E25ADCB6500AEA1D3 /* Project object */;
			proxyType = 1;
			remoteGlobalIDString = D1C7881525ADCB6500AEA1D3;
			remoteInfo = TableViewReusableImplementation;
		};
		D1C7883825ADCB6700AEA1D3 /* PBXContainerItemProxy */ = {
			isa = PBXContainerItemProxy;
			containerPortal = D1C7880E25ADCB6500AEA1D3 /* Project object */;
			proxyType = 1;
			remoteGlobalIDString = D1C7881525ADCB6500AEA1D3;
			remoteInfo = TableViewReusableImplementation;
		};
/* End PBXContainerItemProxy section */

/* Begin PBXFileReference section */
		D1C7881625ADCB6500AEA1D3 /* TableViewReusableImplementation.app */ = {isa = PBXFileReference; explicitFileType = wrapper.application; includeInIndex = 0; path = TableViewReusableImplementation.app; sourceTree = BUILT_PRODUCTS_DIR; };
		D1C7881925ADCB6500AEA1D3 /* AppDelegate.swift */ = {isa = PBXFileReference; lastKnownFileType = sourcecode.swift; path = AppDelegate.swift; sourceTree = "<group>"; };
		D1C7881B25ADCB6500AEA1D3 /* SceneDelegate.swift */ = {isa = PBXFileReference; lastKnownFileType = sourcecode.swift; path = SceneDelegate.swift; sourceTree = "<group>"; };
		D1C7881D25ADCB6500AEA1D3 /* ViewController.swift */ = {isa = PBXFileReference; lastKnownFileType = sourcecode.swift; path = ViewController.swift; sourceTree = "<group>"; };
		D1C7882025ADCB6500AEA1D3 /* Base */ = {isa = PBXFileReference; lastKnownFileType = file.storyboard; name = Base; path = Base.lproj/Main.storyboard; sourceTree = "<group>"; };
		D1C7882225ADCB6700AEA1D3 /* Assets.xcassets */ = {isa = PBXFileReference; lastKnownFileType = folder.assetcatalog; path = Assets.xcassets; sourceTree = "<group>"; };
		D1C7882525ADCB6700AEA1D3 /* Base */ = {isa = PBXFileReference; lastKnownFileType = file.storyboard; name = Base; path = Base.lproj/LaunchScreen.storyboard; sourceTree = "<group>"; };
		D1C7882725ADCB6700AEA1D3 /* Info.plist */ = {isa = PBXFileReference; lastKnownFileType = text.plist.xml; path = Info.plist; sourceTree = "<group>"; };
		D1C7882C25ADCB6700AEA1D3 /* TableViewReusableImplementationTests.xctest */ = {isa = PBXFileReference; explicitFileType = wrapper.cfbundle; includeInIndex = 0; path = TableViewReusableImplementationTests.xctest; sourceTree = BUILT_PRODUCTS_DIR; };
		D1C7883025ADCB6700AEA1D3 /* TableViewReusableImplementationTests.swift */ = {isa = PBXFileReference; lastKnownFileType = sourcecode.swift; path = TableViewReusableImplementationTests.swift; sourceTree = "<group>"; };
		D1C7883225ADCB6700AEA1D3 /* Info.plist */ = {isa = PBXFileReference; lastKnownFileType = text.plist.xml; path = Info.plist; sourceTree = "<group>"; };
		D1C7883725ADCB6700AEA1D3 /* TableViewReusableImplementationUITests.xctest */ = {isa = PBXFileReference; explicitFileType = wrapper.cfbundle; includeInIndex = 0; path = TableViewReusableImplementationUITests.xctest; sourceTree = BUILT_PRODUCTS_DIR; };
		D1C7883B25ADCB6700AEA1D3 /* TableViewReusableImplementationUITests.swift */ = {isa = PBXFileReference; lastKnownFileType = sourcecode.swift; path = TableViewReusableImplementationUITests.swift; sourceTree = "<group>"; };
		D1C7883D25ADCB6700AEA1D3 /* Info.plist */ = {isa = PBXFileReference; lastKnownFileType = text.plist.xml; path = Info.plist; sourceTree = "<group>"; };
		D1C7884C25ADCB8D00AEA1D3 /* ViewReuseablePool.swift */ = {isa = PBXFileReference; lastKnownFileType = sourcecode.swift; path = ViewReuseablePool.swift; sourceTree = "<group>"; };
		D1C7885125ADD70200AEA1D3 /* DoublyLinkedList.swift */ = {isa = PBXFileReference; lastKnownFileType = sourcecode.swift; path = DoublyLinkedList.swift; sourceTree = "<group>"; };
		D1C7886825AEAD9000AEA1D3 /* DoublyLinkedListTest.swift */ = {isa = PBXFileReference; lastKnownFileType = sourcecode.swift; path = DoublyLinkedListTest.swift; sourceTree = "<group>"; };
		D1C7887025AEB4A400AEA1D3 /* ViewReusablePoolTest.swift */ = {isa = PBXFileReference; lastKnownFileType = sourcecode.swift; path = ViewReusablePoolTest.swift; sourceTree = "<group>"; };
/* End PBXFileReference section */

/* Begin PBXFrameworksBuildPhase section */
		D1C7881325ADCB6500AEA1D3 /* Frameworks */ = {
			isa = PBXFrameworksBuildPhase;
			buildActionMask = 2147483647;
			files = (
			);
			runOnlyForDeploymentPostprocessing = 0;
		};
		D1C7882925ADCB6700AEA1D3 /* Frameworks */ = {
			isa = PBXFrameworksBuildPhase;
			buildActionMask = 2147483647;
			files = (
			);
			runOnlyForDeploymentPostprocessing = 0;
		};
		D1C7883425ADCB6700AEA1D3 /* Frameworks */ = {
			isa = PBXFrameworksBuildPhase;
			buildActionMask = 2147483647;
			files = (
			);
			runOnlyForDeploymentPostprocessing = 0;
		};
/* End PBXFrameworksBuildPhase section */

/* Begin PBXGroup section */
		D1C7880D25ADCB6500AEA1D3 = {
			isa = PBXGroup;
			children = (
				D1C7881825ADCB6500AEA1D3 /* TableViewReusableImplementation */,
				D1C7882F25ADCB6700AEA1D3 /* TableViewReusableImplementationTests */,
				D1C7883A25ADCB6700AEA1D3 /* TableViewReusableImplementationUITests */,
				D1C7881725ADCB6500AEA1D3 /* Products */,
			);
			sourceTree = "<group>";
		};
		D1C7881725ADCB6500AEA1D3 /* Products */ = {
			isa = PBXGroup;
			children = (
				D1C7881625ADCB6500AEA1D3 /* TableViewReusableImplementation.app */,
				D1C7882C25ADCB6700AEA1D3 /* TableViewReusableImplementationTests.xctest */,
				D1C7883725ADCB6700AEA1D3 /* TableViewReusableImplementationUITests.xctest */,
			);
			name = Products;
			sourceTree = "<group>";
		};
		D1C7881825ADCB6500AEA1D3 /* TableViewReusableImplementation */ = {
			isa = PBXGroup;
			children = (
				D1C7881925ADCB6500AEA1D3 /* AppDelegate.swift */,
				D1C7881B25ADCB6500AEA1D3 /* SceneDelegate.swift */,
				D1C7881D25ADCB6500AEA1D3 /* ViewController.swift */,
				D1C7884C25ADCB8D00AEA1D3 /* ViewReuseablePool.swift */,
				D1C7885125ADD70200AEA1D3 /* DoublyLinkedList.swift */,
				D1C7881F25ADCB6500AEA1D3 /* Main.storyboard */,
				D1C7882225ADCB6700AEA1D3 /* Assets.xcassets */,
				D1C7882425ADCB6700AEA1D3 /* LaunchScreen.storyboard */,
				D1C7882725ADCB6700AEA1D3 /* Info.plist */,
			);
			path = TableViewReusableImplementation;
			sourceTree = "<group>";
		};
		D1C7882F25ADCB6700AEA1D3 /* TableViewReusableImplementationTests */ = {
			isa = PBXGroup;
			children = (
				D1C7883025ADCB6700AEA1D3 /* TableViewReusableImplementationTests.swift */,
				D1C7886825AEAD9000AEA1D3 /* DoublyLinkedListTest.swift */,
				D1C7887025AEB4A400AEA1D3 /* ViewReusablePoolTest.swift */,
				D1C7883225ADCB6700AEA1D3 /* Info.plist */,
			);
			path = TableViewReusableImplementationTests;
			sourceTree = "<group>";
		};
		D1C7883A25ADCB6700AEA1D3 /* TableViewReusableImplementationUITests */ = {
			isa = PBXGroup;
			children = (
				D1C7883B25ADCB6700AEA1D3 /* TableViewReusableImplementationUITests.swift */,
				D1C7883D25ADCB6700AEA1D3 /* Info.plist */,
			);
			path = TableViewReusableImplementationUITests;
			sourceTree = "<group>";
		};
/* End PBXGroup section */

/* Begin PBXNativeTarget section */
		D1C7881525ADCB6500AEA1D3 /* TableViewReusableImplementation */ = {
			isa = PBXNativeTarget;
			buildConfigurationList = D1C7884025ADCB6800AEA1D3 /* Build configuration list for PBXNativeTarget "TableViewReusableImplementation" */;
			buildPhases = (
				D1C7881225ADCB6500AEA1D3 /* Sources */,
				D1C7881325ADCB6500AEA1D3 /* Frameworks */,
				D1C7881425ADCB6500AEA1D3 /* Resources */,
			);
			buildRules = (
			);
			dependencies = (
			);
			name = TableViewReusableImplementation;
			productName = TableViewReusableImplementation;
			productReference = D1C7881625ADCB6500AEA1D3 /* TableViewReusableImplementation.app */;
			productType = "com.apple.product-type.application";
		};
		D1C7882B25ADCB6700AEA1D3 /* TableViewReusableImplementationTests */ = {
			isa = PBXNativeTarget;
			buildConfigurationList = D1C7884325ADCB6800AEA1D3 /* Build configuration list for PBXNativeTarget "TableViewReusableImplementationTests" */;
			buildPhases = (
				D1C7882825ADCB6700AEA1D3 /* Sources */,
				D1C7882925ADCB6700AEA1D3 /* Frameworks */,
				D1C7882A25ADCB6700AEA1D3 /* Resources */,
			);
			buildRules = (
			);
			dependencies = (
				D1C7882E25ADCB6700AEA1D3 /* PBXTargetDependency */,
			);
			name = TableViewReusableImplementationTests;
			productName = TableViewReusableImplementationTests;
			productReference = D1C7882C25ADCB6700AEA1D3 /* TableViewReusableImplementationTests.xctest */;
			productType = "com.apple.product-type.bundle.unit-test";
		};
		D1C7883625ADCB6700AEA1D3 /* TableViewReusableImplementationUITests */ = {
			isa = PBXNativeTarget;
			buildConfigurationList = D1C7884625ADCB6800AEA1D3 /* Build configuration list for PBXNativeTarget "TableViewReusableImplementationUITests" */;
			buildPhases = (
				D1C7883325ADCB6700AEA1D3 /* Sources */,
				D1C7883425ADCB6700AEA1D3 /* Frameworks */,
				D1C7883525ADCB6700AEA1D3 /* Resources */,
			);
			buildRules = (
			);
			dependencies = (
				D1C7883925ADCB6700AEA1D3 /* PBXTargetDependency */,
			);
			name = TableViewReusableImplementationUITests;
			productName = TableViewReusableImplementationUITests;
			productReference = D1C7883725ADCB6700AEA1D3 /* TableViewReusableImplementationUITests.xctest */;
			productType = "com.apple.product-type.bundle.ui-testing";
		};
/* End PBXNativeTarget section */

/* Begin PBXProject section */
		D1C7880E25ADCB6500AEA1D3 /* Project object */ = {
			isa = PBXProject;
			attributes = {
				LastSwiftUpdateCheck = 1220;
				LastUpgradeCheck = 1220;
				TargetAttributes = {
					D1C7881525ADCB6500AEA1D3 = {
						CreatedOnToolsVersion = 12.2;
					};
					D1C7882B25ADCB6700AEA1D3 = {
						CreatedOnToolsVersion = 12.2;
						TestTargetID = D1C7881525ADCB6500AEA1D3;
					};
					D1C7883625ADCB6700AEA1D3 = {
						CreatedOnToolsVersion = 12.2;
						TestTargetID = D1C7881525ADCB6500AEA1D3;
					};
				};
			};
			buildConfigurationList = D1C7881125ADCB6500AEA1D3 /* Build configuration list for PBXProject "TableViewReusableImplementation" */;
			compatibilityVersion = "Xcode 9.3";
			developmentRegion = en;
			hasScannedForEncodings = 0;
			knownRegions = (
				en,
				Base,
			);
			mainGroup = D1C7880D25ADCB6500AEA1D3;
			productRefGroup = D1C7881725ADCB6500AEA1D3 /* Products */;
			projectDirPath = "";
			projectRoot = "";
			targets = (
				D1C7881525ADCB6500AEA1D3 /* TableViewReusableImplementation */,
				D1C7882B25ADCB6700AEA1D3 /* TableViewReusableImplementationTests */,
				D1C7883625ADCB6700AEA1D3 /* TableViewReusableImplementationUITests */,
			);
		};
/* End PBXProject section */

/* Begin PBXResourcesBuildPhase section */
		D1C7881425ADCB6500AEA1D3 /* Resources */ = {
			isa = PBXResourcesBuildPhase;
			buildActionMask = 2147483647;
			files = (
				D1C7882625ADCB6700AEA1D3 /* LaunchScreen.storyboard in Resources */,
				D1C7882325ADCB6700AEA1D3 /* Assets.xcassets in Resources */,
				D1C7882125ADCB6500AEA1D3 /* Main.storyboard in Resources */,
			);
			runOnlyForDeploymentPostprocessing = 0;
		};
		D1C7882A25ADCB6700AEA1D3 /* Resources */ = {
			isa = PBXResourcesBuildPhase;
			buildActionMask = 2147483647;
			files = (
			);
			runOnlyForDeploymentPostprocessing = 0;
		};
		D1C7883525ADCB6700AEA1D3 /* Resources */ = {
			isa = PBXResourcesBuildPhase;
			buildActionMask = 2147483647;
			files = (
			);
			runOnlyForDeploymentPostprocessing = 0;
		};
/* End PBXResourcesBuildPhase section */

/* Begin PBXSourcesBuildPhase section */
		D1C7881225ADCB6500AEA1D3 /* Sources */ = {
			isa = PBXSourcesBuildPhase;
			buildActionMask = 2147483647;
			files = (
				D1C7885225ADD70200AEA1D3 /* DoublyLinkedList.swift in Sources */,
				D1C7881E25ADCB6500AEA1D3 /* ViewController.swift in Sources */,
				D1C7881A25ADCB6500AEA1D3 /* AppDelegate.swift in Sources */,
				D1C7881C25ADCB6500AEA1D3 /* SceneDelegate.swift in Sources */,
				D1C7884D25ADCB8D00AEA1D3 /* ViewReuseablePool.swift in Sources */,
			);
			runOnlyForDeploymentPostprocessing = 0;
		};
		D1C7882825ADCB6700AEA1D3 /* Sources */ = {
			isa = PBXSourcesBuildPhase;
			buildActionMask = 2147483647;
			files = (
				D1C7883125ADCB6700AEA1D3 /* TableViewReusableImplementationTests.swift in Sources */,
				D1C7886925AEAD9000AEA1D3 /* DoublyLinkedListTest.swift in Sources */,
				D1C7887125AEB4A400AEA1D3 /* ViewReusablePoolTest.swift in Sources */,
			);
			runOnlyForDeploymentPostprocessing = 0;
		};
		D1C7883325ADCB6700AEA1D3 /* Sources */ = {
			isa = PBXSourcesBuildPhase;
			buildActionMask = 2147483647;
			files = (
				D1C7883C25ADCB6700AEA1D3 /* TableViewReusableImplementationUITests.swift in Sources */,
			);
			runOnlyForDeploymentPostprocessing = 0;
		};
/* End PBXSourcesBuildPhase section */

/* Begin PBXTargetDependency section */
		D1C7882E25ADCB6700AEA1D3 /* PBXTargetDependency */ = {
			isa = PBXTargetDependency;
			target = D1C7881525ADCB6500AEA1D3 /* TableViewReusableImplementation */;
			targetProxy = D1C7882D25ADCB6700AEA1D3 /* PBXContainerItemProxy */;
		};
		D1C7883925ADCB6700AEA1D3 /* PBXTargetDependency */ = {
			isa = PBXTargetDependency;
			target = D1C7881525ADCB6500AEA1D3 /* TableViewReusableImplementation */;
			targetProxy = D1C7883825ADCB6700AEA1D3 /* PBXContainerItemProxy */;
		};
/* End PBXTargetDependency section */

/* Begin PBXVariantGroup section */
		D1C7881F25ADCB6500AEA1D3 /* Main.storyboard */ = {
			isa = PBXVariantGroup;
			children = (
				D1C7882025ADCB6500AEA1D3 /* Base */,
			);
			name = Main.storyboard;
			sourceTree = "<group>";
		};
		D1C7882425ADCB6700AEA1D3 /* LaunchScreen.storyboard */ = {
			isa = PBXVariantGroup;
			children = (
				D1C7882525ADCB6700AEA1D3 /* Base */,
			);
			name = LaunchScreen.storyboard;
			sourceTree = "<group>";
		};
/* End PBXVariantGroup section */

/* Begin XCBuildConfiguration section */
		D1C7883E25ADCB6800AEA1D3 /* Debug */ = {
			isa = XCBuildConfiguration;
			buildSettings = {
				ALWAYS_SEARCH_USER_PATHS = NO;
				CLANG_ANALYZER_NONNULL = YES;
				CLANG_ANALYZER_NUMBER_OBJECT_CONVERSION = YES_AGGRESSIVE;
				CLANG_CXX_LANGUAGE_STANDARD = "gnu++14";
				CLANG_CXX_LIBRARY = "libc++";
				CLANG_ENABLE_MODULES = YES;
				CLANG_ENABLE_OBJC_ARC = YES;
				CLANG_ENABLE_OBJC_WEAK = YES;
				CLANG_WARN_BLOCK_CAPTURE_AUTORELEASING = YES;
				CLANG_WARN_BOOL_CONVERSION = YES;
				CLANG_WARN_COMMA = YES;
				CLANG_WARN_CONSTANT_CONVERSION = YES;
				CLANG_WARN_DEPRECATED_OBJC_IMPLEMENTATIONS = YES;
				CLANG_WARN_DIRECT_OBJC_ISA_USAGE = YES_ERROR;
				CLANG_WARN_DOCUMENTATION_COMMENTS = YES;
				CLANG_WARN_EMPTY_BODY = YES;
				CLANG_WARN_ENUM_CONVERSION = YES;
				CLANG_WARN_INFINITE_RECURSION = YES;
				CLANG_WARN_INT_CONVERSION = YES;
				CLANG_WARN_NON_LITERAL_NULL_CONVERSION = YES;
				CLANG_WARN_OBJC_IMPLICIT_RETAIN_SELF = YES;
				CLANG_WARN_OBJC_LITERAL_CONVERSION = YES;
				CLANG_WARN_OBJC_ROOT_CLASS = YES_ERROR;
				CLANG_WARN_QUOTED_INCLUDE_IN_FRAMEWORK_HEADER = YES;
				CLANG_WARN_RANGE_LOOP_ANALYSIS = YES;
				CLANG_WARN_STRICT_PROTOTYPES = YES;
				CLANG_WARN_SUSPICIOUS_MOVE = YES;
				CLANG_WARN_UNGUARDED_AVAILABILITY = YES_AGGRESSIVE;
				CLANG_WARN_UNREACHABLE_CODE = YES;
				CLANG_WARN__DUPLICATE_METHOD_MATCH = YES;
				COPY_PHASE_STRIP = NO;
				DEBUG_INFORMATION_FORMAT = dwarf;
				ENABLE_STRICT_OBJC_MSGSEND = YES;
				ENABLE_TESTABILITY = YES;
				GCC_C_LANGUAGE_STANDARD = gnu11;
				GCC_DYNAMIC_NO_PIC = NO;
				GCC_NO_COMMON_BLOCKS = YES;
				GCC_OPTIMIZATION_LEVEL = 0;
				GCC_PREPROCESSOR_DEFINITIONS = (
					"DEBUG=1",
					"$(inherited)",
				);
				GCC_WARN_64_TO_32_BIT_CONVERSION = YES;
				GCC_WARN_ABOUT_RETURN_TYPE = YES_ERROR;
				GCC_WARN_UNDECLARED_SELECTOR = YES;
				GCC_WARN_UNINITIALIZED_AUTOS = YES_AGGRESSIVE;
				GCC_WARN_UNUSED_FUNCTION = YES;
				GCC_WARN_UNUSED_VARIABLE = YES;
				IPHONEOS_DEPLOYMENT_TARGET = 14.2;
				MTL_ENABLE_DEBUG_INFO = INCLUDE_SOURCE;
				MTL_FAST_MATH = YES;
				ONLY_ACTIVE_ARCH = YES;
				SDKROOT = iphoneos;
				SWIFT_ACTIVE_COMPILATION_CONDITIONS = DEBUG;
				SWIFT_OPTIMIZATION_LEVEL = "-Onone";
			};
			name = Debug;
		};
		D1C7883F25ADCB6800AEA1D3 /* Release */ = {
			isa = XCBuildConfiguration;
			buildSettings = {
				ALWAYS_SEARCH_USER_PATHS = NO;
				CLANG_ANALYZER_NONNULL = YES;
				CLANG_ANALYZER_NUMBER_OBJECT_CONVERSION = YES_AGGRESSIVE;
				CLANG_CXX_LANGUAGE_STANDARD = "gnu++14";
				CLANG_CXX_LIBRARY = "libc++";
				CLANG_ENABLE_MODULES = YES;
				CLANG_ENABLE_OBJC_ARC = YES;
				CLANG_ENABLE_OBJC_WEAK = YES;
				CLANG_WARN_BLOCK_CAPTURE_AUTORELEASING = YES;
				CLANG_WARN_BOOL_CONVERSION = YES;
				CLANG_WARN_COMMA = YES;
				CLANG_WARN_CONSTANT_CONVERSION = YES;
				CLANG_WARN_DEPRECATED_OBJC_IMPLEMENTATIONS = YES;
				CLANG_WARN_DIRECT_OBJC_ISA_USAGE = YES_ERROR;
				CLANG_WARN_DOCUMENTATION_COMMENTS = YES;
				CLANG_WARN_EMPTY_BODY = YES;
				CLANG_WARN_ENUM_CONVERSION = YES;
				CLANG_WARN_INFINITE_RECURSION = YES;
				CLANG_WARN_INT_CONVERSION = YES;
				CLANG_WARN_NON_LITERAL_NULL_CONVERSION = YES;
				CLANG_WARN_OBJC_IMPLICIT_RETAIN_SELF = YES;
				CLANG_WARN_OBJC_LITERAL_CONVERSION = YES;
				CLANG_WARN_OBJC_ROOT_CLASS = YES_ERROR;
				CLANG_WARN_QUOTED_INCLUDE_IN_FRAMEWORK_HEADER = YES;
				CLANG_WARN_RANGE_LOOP_ANALYSIS = YES;
				CLANG_WARN_STRICT_PROTOTYPES = YES;
				CLANG_WARN_SUSPICIOUS_MOVE = YES;
				CLANG_WARN_UNGUARDED_AVAILABILITY = YES_AGGRESSIVE;
				CLANG_WARN_UNREACHABLE_CODE = YES;
				CLANG_WARN__DUPLICATE_METHOD_MATCH = YES;
				COPY_PHASE_STRIP = NO;
				DEBUG_INFORMATION_FORMAT = "dwarf-with-dsym";
				ENABLE_NS_ASSERTIONS = NO;
				ENABLE_STRICT_OBJC_MSGSEND = YES;
				GCC_C_LANGUAGE_STANDARD = gnu11;
				GCC_NO_COMMON_BLOCKS = YES;
				GCC_WARN_64_TO_32_BIT_CONVERSION = YES;
				GCC_WARN_ABOUT_RETURN_TYPE = YES_ERROR;
				GCC_WARN_UNDECLARED_SELECTOR = YES;
				GCC_WARN_UNINITIALIZED_AUTOS = YES_AGGRESSIVE;
				GCC_WARN_UNUSED_FUNCTION = YES;
				GCC_WARN_UNUSED_VARIABLE = YES;
				IPHONEOS_DEPLOYMENT_TARGET = 14.2;
				MTL_ENABLE_DEBUG_INFO = NO;
				MTL_FAST_MATH = YES;
				SDKROOT = iphoneos;
				SWIFT_COMPILATION_MODE = wholemodule;
				SWIFT_OPTIMIZATION_LEVEL = "-O";
				VALIDATE_PRODUCT = YES;
			};
			name = Release;
		};
		D1C7884125ADCB6800AEA1D3 /* Debug */ = {
			isa = XCBuildConfiguration;
			buildSettings = {
				ASSETCATALOG_COMPILER_APPICON_NAME = AppIcon;
				ASSETCATALOG_COMPILER_GLOBAL_ACCENT_COLOR_NAME = AccentColor;
				CODE_SIGN_STYLE = Automatic;
				DEVELOPMENT_TEAM = WAGW44Z6JC;
				INFOPLIST_FILE = TableViewReusableImplementation/Info.plist;
				LD_RUNPATH_SEARCH_PATHS = (
					"$(inherited)",
					"@executable_path/Frameworks",
				);
				PRODUCT_BUNDLE_IDENTIFIER = CoolApp.TableViewReusableImplementation;
				PRODUCT_NAME = "$(TARGET_NAME)";
				SWIFT_VERSION = 5.0;
				TARGETED_DEVICE_FAMILY = "1,2";
			};
			name = Debug;
		};
		D1C7884225ADCB6800AEA1D3 /* Release */ = {
			isa = XCBuildConfiguration;
			buildSettings = {
				ASSETCATALOG_COMPILER_APPICON_NAME = AppIcon;
				ASSETCATALOG_COMPILER_GLOBAL_ACCENT_COLOR_NAME = AccentColor;
				CODE_SIGN_STYLE = Automatic;
				DEVELOPMENT_TEAM = WAGW44Z6JC;
				INFOPLIST_FILE = TableViewReusableImplementation/Info.plist;
				LD_RUNPATH_SEARCH_PATHS = (
					"$(inherited)",
					"@executable_path/Frameworks",
				);
				PRODUCT_BUNDLE_IDENTIFIER = CoolApp.TableViewReusableImplementation;
				PRODUCT_NAME = "$(TARGET_NAME)";
				SWIFT_VERSION = 5.0;
				TARGETED_DEVICE_FAMILY = "1,2";
			};
			name = Release;
		};
		D1C7884425ADCB6800AEA1D3 /* Debug */ = {
			isa = XCBuildConfiguration;
			buildSettings = {
				ALWAYS_EMBED_SWIFT_STANDARD_LIBRARIES = YES;
				BUNDLE_LOADER = "$(TEST_HOST)";
				CODE_SIGN_STYLE = Automatic;
				DEVELOPMENT_TEAM = WAGW44Z6JC;
				INFOPLIST_FILE = TableViewReusableImplementationTests/Info.plist;
				IPHONEOS_DEPLOYMENT_TARGET = 14.2;
				LD_RUNPATH_SEARCH_PATHS = (
					"$(inherited)",
					"@executable_path/Frameworks",
					"@loader_path/Frameworks",
				);
				PRODUCT_BUNDLE_IDENTIFIER = CoolApp.TableViewReusableImplementationTests;
				PRODUCT_NAME = "$(TARGET_NAME)";
				SWIFT_VERSION = 5.0;
				TARGETED_DEVICE_FAMILY = "1,2";
				TEST_HOST = "$(BUILT_PRODUCTS_DIR)/TableViewReusableImplementation.app/TableViewReusableImplementation";
			};
			name = Debug;
		};
		D1C7884525ADCB6800AEA1D3 /* Release */ = {
			isa = XCBuildConfiguration;
			buildSettings = {
				ALWAYS_EMBED_SWIFT_STANDARD_LIBRARIES = YES;
				BUNDLE_LOADER = "$(TEST_HOST)";
				CODE_SIGN_STYLE = Automatic;
				DEVELOPMENT_TEAM = WAGW44Z6JC;
				INFOPLIST_FILE = TableViewReusableImplementationTests/Info.plist;
				IPHONEOS_DEPLOYMENT_TARGET = 14.2;
				LD_RUNPATH_SEARCH_PATHS = (
					"$(inherited)",
					"@executable_path/Frameworks",
					"@loader_path/Frameworks",
				);
				PRODUCT_BUNDLE_IDENTIFIER = CoolApp.TableViewReusableImplementationTests;
				PRODUCT_NAME = "$(TARGET_NAME)";
				SWIFT_VERSION = 5.0;
				TARGETED_DEVICE_FAMILY = "1,2";
				TEST_HOST = "$(BUILT_PRODUCTS_DIR)/TableViewReusableImplementation.app/TableViewReusableImplementation";
			};
			name = Release;
		};
		D1C7884725ADCB6800AEA1D3 /* Debug */ = {
			isa = XCBuildConfiguration;
			buildSettings = {
				ALWAYS_EMBED_SWIFT_STANDARD_LIBRARIES = YES;
				CODE_SIGN_STYLE = Automatic;
				DEVELOPMENT_TEAM = WAGW44Z6JC;
				INFOPLIST_FILE = TableViewReusableImplementationUITests/Info.plist;
				LD_RUNPATH_SEARCH_PATHS = (
					"$(inherited)",
					"@executable_path/Frameworks",
					"@loader_path/Frameworks",
				);
				PRODUCT_BUNDLE_IDENTIFIER = CoolApp.TableViewReusableImplementationUITests;
				PRODUCT_NAME = "$(TARGET_NAME)";
				SWIFT_VERSION = 5.0;
				TARGETED_DEVICE_FAMILY = "1,2";
				TEST_TARGET_NAME = TableViewReusableImplementation;
			};
			name = Debug;
		};
		D1C7884825ADCB6800AEA1D3 /* Release */ = {
			isa = XCBuildConfiguration;
			buildSettings = {
				ALWAYS_EMBED_SWIFT_STANDARD_LIBRARIES = YES;
				CODE_SIGN_STYLE = Automatic;
				DEVELOPMENT_TEAM = WAGW44Z6JC;
				INFOPLIST_FILE = TableViewReusableImplementationUITests/Info.plist;
				LD_RUNPATH_SEARCH_PATHS = (
					"$(inherited)",
					"@executable_path/Frameworks",
					"@loader_path/Frameworks",
				);
				PRODUCT_BUNDLE_IDENTIFIER = CoolApp.TableViewReusableImplementationUITests;
				PRODUCT_NAME = "$(TARGET_NAME)";
				SWIFT_VERSION = 5.0;
				TARGETED_DEVICE_FAMILY = "1,2";
				TEST_TARGET_NAME = TableViewReusableImplementation;
			};
			name = Release;
		};
/* End XCBuildConfiguration section */

/* Begin XCConfigurationList section */
		D1C7881125ADCB6500AEA1D3 /* Build configuration list for PBXProject "TableViewReusableImplementation" */ = {
			isa = XCConfigurationList;
			buildConfigurations = (
				D1C7883E25ADCB6800AEA1D3 /* Debug */,
				D1C7883F25ADCB6800AEA1D3 /* Release */,
			);
			defaultConfigurationIsVisible = 0;
			defaultConfigurationName = Release;
		};
		D1C7884025ADCB6800AEA1D3 /* Build configuration list for PBXNativeTarget "TableViewReusableImplementation" */ = {
			isa = XCConfigurationList;
			buildConfigurations = (
				D1C7884125ADCB6800AEA1D3 /* Debug */,
				D1C7884225ADCB6800AEA1D3 /* Release */,
			);
			defaultConfigurationIsVisible = 0;
			defaultConfigurationName = Release;
		};
		D1C7884325ADCB6800AEA1D3 /* Build configuration list for PBXNativeTarget "TableViewReusableImplementationTests" */ = {
			isa = XCConfigurationList;
			buildConfigurations = (
				D1C7884425ADCB6800AEA1D3 /* Debug */,
				D1C7884525ADCB6800AEA1D3 /* Release */,
			);
			defaultConfigurationIsVisible = 0;
			defaultConfigurationName = Release;
		};
		D1C7884625ADCB6800AEA1D3 /* Build configuration list for PBXNativeTarget "TableViewReusableImplementationUITests" */ = {
			isa = XCConfigurationList;
			buildConfigurations = (
				D1C7884725ADCB6800AEA1D3 /* Debug */,
				D1C7884825ADCB6800AEA1D3 /* Release */,
			);
			defaultConfigurationIsVisible = 0;
			defaultConfigurationName = Release;
		};
/* End XCConfigurationList section */
	};
	rootObject = D1C7880E25ADCB6500AEA1D3 /* Project object */;
}
